
Microsoft Visual Studio Solution File, Format Version 12.00
# Visual Studio Version 17
VisualStudioVersion = 17.14.35821.62
MinimumVisualStudioVersion = 10.0.40219.1
Project("{FAE04EC0-301F-11D3-BF4B-00C04F79EFBC}") = "SchoolManagement", "SchoolManagement.csproj", "{CCA30E90-ADB4-47C2-94AD-C98BF093A40A}"
EndProject
Project("{FAE04EC0-301F-11D3-BF4B-00C04F79EFBC}") = "SchoolManagement.Test", "..\SchoolManagement.Test\SchoolManagement.Test.csproj", "{45BC6DF5-A352-45C7-8195-4DB7293C3718}"
EndProject
Global
	GlobalSection(SolutionConfigurationPlatforms) = preSolution
		Debug|Any CPU = Debug|Any CPU
		Release|Any CPU = Release|Any CPU
	EndGlobalSection
	GlobalSection(ProjectConfigurationPlatforms) = postSolution
		{CCA30E90-ADB4-47C2-94AD-C98BF093A40A}.Debug|Any CPU.ActiveCfg = Debug|Any CPU
		{CCA30E90-ADB4-47C2-94AD-C98BF093A40A}.Debug|Any CPU.Build.0 = Debug|Any CPU
		{CCA30E90-ADB4-47C2-94AD-C98BF093A40A}.Release|Any CPU.ActiveCfg = Release|Any CPU
		{CCA30E90-ADB4-47C2-94AD-C98BF093A40A}.Release|Any CPU.Build.0 = Release|Any CPU
		{45BC6DF5-A352-45C7-8195-4DB7293C3718}.Debug|Any CPU.ActiveCfg = Debug|Any CPU
		{45BC6DF5-A352-45C7-8195-4DB7293C3718}.Debug|Any CPU.Build.0 = Debug|Any CPU
		{45BC6DF5-A352-45C7-8195-4DB7293C3718}.Release|Any CPU.ActiveCfg = Release|Any CPU
		{45BC6DF5-A352-45C7-8195-4DB7293C3718}.Release|Any CPU.Build.0 = Release|Any CPU
	EndGlobalSection
	GlobalSection(SolutionProperties) = preSolution
		HideSolutionNode = FALSE
	EndGlobalSection
	GlobalSection(ExtensibilityGlobals) = postSolution
		SolutionGuid = {56AD846A-DF14-4767-965F-70190ABD1ECB}
	EndGlobalSection
EndGlobal
