
Microsoft Visual Studio Solution File, Format Version 12.00
# Visual Studio Version 16
VisualStudioVersion = 16.0.33423.256
MinimumVisualStudioVersion = 10.0.40219.1
Project("{FAE04EC0-301F-11D3-BF4B-00C04F79EFBC}") = "SchoolManagement", "SchoolManagement.csproj", "{CCA30E90-ADB4-47C2-94AD-C98BF093A40A}"
EndProject
Global
	GlobalSection(SolutionConfigurationPlatforms) = preSolution
		Debug|Any CPU = Debug|Any CPU
		Release|Any CPU = Release|Any CPU
	EndGlobalSection
	GlobalSection(ProjectConfigurationPlatforms) = postSolution
		{CCA30E90-ADB4-47C2-94AD-C98BF093A40A}.Debug|Any CPU.ActiveCfg = Debug|Any CPU
		{CCA30E90-ADB4-47C2-94AD-C98BF093A40A}.Debug|Any CPU.Build.0 = Debug|Any CPU
		{CCA30E90-ADB4-47C2-94AD-C98BF093A40A}.Release|Any CPU.ActiveCfg = Release|Any CPU
		{CCA30E90-ADB4-47C2-94AD-C98BF093A40A}.Release|Any CPU.Build.0 = Release|Any CPU
	EndGlobalSection
	GlobalSection(SolutionProperties) = preSolution
		HideSolutionNode = FALSE
	EndGlobalSection
	GlobalSection(ExtensibilityGlobals) = postSolution
		SolutionGuid = {56AD846A-DF14-4767-965F-70190ABD1ECB}
	EndGlobalSection
EndGlobal
